
Microsoft Visual Studio Solution File, Format Version 12.00
Project("{FAE04EC0-301F-11D3-BF4B-00C04F79EFBC}") = "LibCSystem", "LibCSystem\LibCSystem.csproj", "{F6D7664E-7B10-4459-B396-26B1754A4785}"
EndProject
Global
	GlobalSection(SolutionConfigurationPlatforms) = preSolution
		Debug|Any CPU = Debug|Any CPU
		Release|Any CPU = Release|Any CPU
	EndGlobalSection
	GlobalSection(ProjectConfigurationPlatforms) = postSolution
		{F6D7664E-7B10-4459-B396-26B1754A4785}.Debug|Any CPU.ActiveCfg = Debug|Any CPU
		{F6D7664E-7B10-4459-B396-26B1754A4785}.Debug|Any CPU.Build.0 = Debug|Any CPU
		{F6D7664E-7B10-4459-B396-26B1754A4785}.Release|Any CPU.ActiveCfg = Release|Any CPU
		{F6D7664E-7B10-4459-B396-26B1754A4785}.Release|Any CPU.Build.0 = Release|Any CPU
	EndGlobalSection
EndGlobal
